Microsoft Visual Studio Solution File, Format Version 11.00
# Visual Studio 2010
Project("{8BC9CEB8-8B4A-11D0-8D11-00A0C91BC942}") = "Analyzer", "E:/devs/edb-debugger/plugins/Analyzer\Analyzer.vcxproj", "{E24FEC4C-FD55-3480-843B-B6440DE0DC7E}"
EndProject
Project("{8BC9CEB8-8B4A-11D0-8D11-00A0C91BC942}") = "BinaryInfo", "E:/devs/edb-debugger/plugins/BinaryInfo\BinaryInfo.vcxproj", "{988408FA-0F89-3588-99F8-FC38B776479A}"
EndProject
Project("{8BC9CEB8-8B4A-11D0-8D11-00A0C91BC942}") = "BinarySearcher", "E:/devs/edb-debugger/plugins/BinarySearcher\BinarySearcher.vcxproj", "{3F2ACE19-91D0-3AE0-8F2E-732EDAE31C8E}"
EndProject
Project("{8BC9CEB8-8B4A-11D0-8D11-00A0C91BC942}") = "Bookmarks", "E:/devs/edb-debugger/plugins/Bookmarks\Bookmarks.vcxproj", "{6DFE0F3C-DA17-3301-97C7-7918F1CB6EB5}"
EndProject
Project("{8BC9CEB8-8B4A-11D0-8D11-00A0C91BC942}") = "BreakpointManager", "E:/devs/edb-debugger/plugins/BreakpointManager\BreakpointManager.vcxproj", "{76664B31-25E6-3343-9E08-268F3D7B414E}"
EndProject
Project("{8BC9CEB8-8B4A-11D0-8D11-00A0C91BC942}") = "CheckVersion", "E:/devs/edb-debugger/plugins/CheckVersion\CheckVersion.vcxproj", "{7473DD1F-E294-3779-89DE-20D0BC30E102}"
EndProject
Project("{8BC9CEB8-8B4A-11D0-8D11-00A0C91BC942}") = "DebuggerCore", "E:/devs/edb-debugger/plugins/DebuggerCore\DebuggerCore.vcxproj", "{6460FF7E-9629-3C6F-8028-644C3B5EA77D}"
EndProject
Project("{8BC9CEB8-8B4A-11D0-8D11-00A0C91BC942}") = "DumpState", "E:/devs/edb-debugger/plugins/DumpState\DumpState.vcxproj", "{799DF479-A15D-3349-B4BB-7831B0575B45}"
EndProject
Project("{8BC9CEB8-8B4A-11D0-8D11-00A0C91BC942}") = "Environment", "E:/devs/edb-debugger/plugins/Environment\Environment.vcxproj", "{D244F94E-3C31-30CD-BCBE-852E6259ABF8}"
EndProject
Project("{8BC9CEB8-8B4A-11D0-8D11-00A0C91BC942}") = "FunctionFinder", "E:/devs/edb-debugger/plugins/FunctionFinder\FunctionFinder.vcxproj", "{87FD12DF-87AD-30A7-96D9-D9D9AD5E432A}"
EndProject
Project("{8BC9CEB8-8B4A-11D0-8D11-00A0C91BC942}") = "HardwareBreakpoints", "E:/devs/edb-debugger/plugins/HardwareBreakpoints\HardwareBreakpoints.vcxproj", "{E2DA37C5-C977-3DC0-86C6-32C3A4B19C23}"
EndProject
Project("{8BC9CEB8-8B4A-11D0-8D11-00A0C91BC942}") = "OpcodeSearcher", "E:/devs/edb-debugger/plugins/OpcodeSearcher\OpcodeSearcher.vcxproj", "{171ACF38-DBBA-347A-9F4D-FCDCE79CE5A9}"
EndProject
Project("{8BC9CEB8-8B4A-11D0-8D11-00A0C91BC942}") = "ProcessProperties", "E:/devs/edb-debugger/plugins/ProcessProperties\ProcessProperties.vcxproj", "{906DE60E-E2F7-3C66-A39C-D81E4CB76415}"
EndProject
Project("{8BC9CEB8-8B4A-11D0-8D11-00A0C91BC942}") = "ROPTool", "E:/devs/edb-debugger/plugins/ROPTool\ROPTool.vcxproj", "{79387A69-63EB-3A27-B841-3ABE9BD08614}"
EndProject
Project("{8BC9CEB8-8B4A-11D0-8D11-00A0C91BC942}") = "References", "E:/devs/edb-debugger/plugins/References\References.vcxproj", "{2F343DE8-E251-3EAD-B9C9-104A15788F59}"
EndProject
Project("{8BC9CEB8-8B4A-11D0-8D11-00A0C91BC942}") = "SessionManager", "E:/devs/edb-debugger/plugins/SessionManager\SessionManager.vcxproj", "{6433EA37-73CA-3573-AE0E-BC778FB7730C}"
EndProject
Project("{8BC9CEB8-8B4A-11D0-8D11-00A0C91BC942}") = "StringSearcher", "E:/devs/edb-debugger/plugins/StringSearcher\StringSearcher.vcxproj", "{D196BFE5-E702-3EA5-8A68-8821347BCA3D}"
EndProject
Project("{8BC9CEB8-8B4A-11D0-8D11-00A0C91BC942}") = "SymbolViewer", "E:/devs/edb-debugger/plugins/SymbolViewer\SymbolViewer.vcxproj", "{EA29CB6C-D3C2-3E87-BF08-96F6043F2F9E}"
EndProject
Global
	GlobalSection(SolutionConfiguration) = preSolution
		ConfigName.0 = Debug|Win32
		ConfigName.1 = Release|Win32
	EndGlobalSection
	GlobalSection(ProjectDependencies) = postSolution
	EndGlobalSection
	GlobalSection(ProjectConfiguration) = postSolution
		{E24FEC4C-FD55-3480-843B-B6440DE0DC7E}.Debug|Win32.ActiveCfg = Debug|Win32
		{E24FEC4C-FD55-3480-843B-B6440DE0DC7E}.Debug|Win32.Build.0 = Debug|Win32
		{E24FEC4C-FD55-3480-843B-B6440DE0DC7E}.Release|Win32.ActiveCfg = Release|Win32
		{E24FEC4C-FD55-3480-843B-B6440DE0DC7E}.Release|Win32.Build.0 = Release|Win32
		{988408FA-0F89-3588-99F8-FC38B776479A}.Debug|Win32.ActiveCfg = Debug|Win32
		{988408FA-0F89-3588-99F8-FC38B776479A}.Debug|Win32.Build.0 = Debug|Win32
		{988408FA-0F89-3588-99F8-FC38B776479A}.Release|Win32.ActiveCfg = Release|Win32
		{988408FA-0F89-3588-99F8-FC38B776479A}.Release|Win32.Build.0 = Release|Win32
		{3F2ACE19-91D0-3AE0-8F2E-732EDAE31C8E}.Debug|Win32.ActiveCfg = Debug|Win32
		{3F2ACE19-91D0-3AE0-8F2E-732EDAE31C8E}.Debug|Win32.Build.0 = Debug|Win32
		{3F2ACE19-91D0-3AE0-8F2E-732EDAE31C8E}.Release|Win32.ActiveCfg = Release|Win32
		{3F2ACE19-91D0-3AE0-8F2E-732EDAE31C8E}.Release|Win32.Build.0 = Release|Win32
		{6DFE0F3C-DA17-3301-97C7-7918F1CB6EB5}.Debug|Win32.ActiveCfg = Debug|Win32
		{6DFE0F3C-DA17-3301-97C7-7918F1CB6EB5}.Debug|Win32.Build.0 = Debug|Win32
		{6DFE0F3C-DA17-3301-97C7-7918F1CB6EB5}.Release|Win32.ActiveCfg = Release|Win32
		{6DFE0F3C-DA17-3301-97C7-7918F1CB6EB5}.Release|Win32.Build.0 = Release|Win32
		{76664B31-25E6-3343-9E08-268F3D7B414E}.Debug|Win32.ActiveCfg = Debug|Win32
		{76664B31-25E6-3343-9E08-268F3D7B414E}.Debug|Win32.Build.0 = Debug|Win32
		{76664B31-25E6-3343-9E08-268F3D7B414E}.Release|Win32.ActiveCfg = Release|Win32
		{76664B31-25E6-3343-9E08-268F3D7B414E}.Release|Win32.Build.0 = Release|Win32
		{7473DD1F-E294-3779-89DE-20D0BC30E102}.Debug|Win32.ActiveCfg = Debug|Win32
		{7473DD1F-E294-3779-89DE-20D0BC30E102}.Debug|Win32.Build.0 = Debug|Win32
		{7473DD1F-E294-3779-89DE-20D0BC30E102}.Release|Win32.ActiveCfg = Release|Win32
		{7473DD1F-E294-3779-89DE-20D0BC30E102}.Release|Win32.Build.0 = Release|Win32
		{6460FF7E-9629-3C6F-8028-644C3B5EA77D}.Debug|Win32.ActiveCfg = Debug|Win32
		{6460FF7E-9629-3C6F-8028-644C3B5EA77D}.Debug|Win32.Build.0 = Debug|Win32
		{6460FF7E-9629-3C6F-8028-644C3B5EA77D}.Release|Win32.ActiveCfg = Release|Win32
		{6460FF7E-9629-3C6F-8028-644C3B5EA77D}.Release|Win32.Build.0 = Release|Win32
		{799DF479-A15D-3349-B4BB-7831B0575B45}.Debug|Win32.ActiveCfg = Debug|Win32
		{799DF479-A15D-3349-B4BB-7831B0575B45}.Debug|Win32.Build.0 = Debug|Win32
		{799DF479-A15D-3349-B4BB-7831B0575B45}.Release|Win32.ActiveCfg = Release|Win32
		{799DF479-A15D-3349-B4BB-7831B0575B45}.Release|Win32.Build.0 = Release|Win32
		{D244F94E-3C31-30CD-BCBE-852E6259ABF8}.Debug|Win32.ActiveCfg = Debug|Win32
		{D244F94E-3C31-30CD-BCBE-852E6259ABF8}.Debug|Win32.Build.0 = Debug|Win32
		{D244F94E-3C31-30CD-BCBE-852E6259ABF8}.Release|Win32.ActiveCfg = Release|Win32
		{D244F94E-3C31-30CD-BCBE-852E6259ABF8}.Release|Win32.Build.0 = Release|Win32
		{87FD12DF-87AD-30A7-96D9-D9D9AD5E432A}.Debug|Win32.ActiveCfg = Debug|Win32
		{87FD12DF-87AD-30A7-96D9-D9D9AD5E432A}.Debug|Win32.Build.0 = Debug|Win32
		{87FD12DF-87AD-30A7-96D9-D9D9AD5E432A}.Release|Win32.ActiveCfg = Release|Win32
		{87FD12DF-87AD-30A7-96D9-D9D9AD5E432A}.Release|Win32.Build.0 = Release|Win32
		{E2DA37C5-C977-3DC0-86C6-32C3A4B19C23}.Debug|Win32.ActiveCfg = Debug|Win32
		{E2DA37C5-C977-3DC0-86C6-32C3A4B19C23}.Debug|Win32.Build.0 = Debug|Win32
		{E2DA37C5-C977-3DC0-86C6-32C3A4B19C23}.Release|Win32.ActiveCfg = Release|Win32
		{E2DA37C5-C977-3DC0-86C6-32C3A4B19C23}.Release|Win32.Build.0 = Release|Win32
		{171ACF38-DBBA-347A-9F4D-FCDCE79CE5A9}.Debug|Win32.ActiveCfg = Debug|Win32
		{171ACF38-DBBA-347A-9F4D-FCDCE79CE5A9}.Debug|Win32.Build.0 = Debug|Win32
		{171ACF38-DBBA-347A-9F4D-FCDCE79CE5A9}.Release|Win32.ActiveCfg = Release|Win32
		{171ACF38-DBBA-347A-9F4D-FCDCE79CE5A9}.Release|Win32.Build.0 = Release|Win32
		{906DE60E-E2F7-3C66-A39C-D81E4CB76415}.Debug|Win32.ActiveCfg = Debug|Win32
		{906DE60E-E2F7-3C66-A39C-D81E4CB76415}.Debug|Win32.Build.0 = Debug|Win32
		{906DE60E-E2F7-3C66-A39C-D81E4CB76415}.Release|Win32.ActiveCfg = Release|Win32
		{906DE60E-E2F7-3C66-A39C-D81E4CB76415}.Release|Win32.Build.0 = Release|Win32
		{79387A69-63EB-3A27-B841-3ABE9BD08614}.Debug|Win32.ActiveCfg = Debug|Win32
		{79387A69-63EB-3A27-B841-3ABE9BD08614}.Debug|Win32.Build.0 = Debug|Win32
		{79387A69-63EB-3A27-B841-3ABE9BD08614}.Release|Win32.ActiveCfg = Release|Win32
		{79387A69-63EB-3A27-B841-3ABE9BD08614}.Release|Win32.Build.0 = Release|Win32
		{2F343DE8-E251-3EAD-B9C9-104A15788F59}.Debug|Win32.ActiveCfg = Debug|Win32
		{2F343DE8-E251-3EAD-B9C9-104A15788F59}.Debug|Win32.Build.0 = Debug|Win32
		{2F343DE8-E251-3EAD-B9C9-104A15788F59}.Release|Win32.ActiveCfg = Release|Win32
		{2F343DE8-E251-3EAD-B9C9-104A15788F59}.Release|Win32.Build.0 = Release|Win32
		{6433EA37-73CA-3573-AE0E-BC778FB7730C}.Debug|Win32.ActiveCfg = Debug|Win32
		{6433EA37-73CA-3573-AE0E-BC778FB7730C}.Debug|Win32.Build.0 = Debug|Win32
		{6433EA37-73CA-3573-AE0E-BC778FB7730C}.Release|Win32.ActiveCfg = Release|Win32
		{6433EA37-73CA-3573-AE0E-BC778FB7730C}.Release|Win32.Build.0 = Release|Win32
		{D196BFE5-E702-3EA5-8A68-8821347BCA3D}.Debug|Win32.ActiveCfg = Debug|Win32
		{D196BFE5-E702-3EA5-8A68-8821347BCA3D}.Debug|Win32.Build.0 = Debug|Win32
		{D196BFE5-E702-3EA5-8A68-8821347BCA3D}.Release|Win32.ActiveCfg = Release|Win32
		{D196BFE5-E702-3EA5-8A68-8821347BCA3D}.Release|Win32.Build.0 = Release|Win32
		{EA29CB6C-D3C2-3E87-BF08-96F6043F2F9E}.Debug|Win32.ActiveCfg = Debug|Win32
		{EA29CB6C-D3C2-3E87-BF08-96F6043F2F9E}.Debug|Win32.Build.0 = Debug|Win32
		{EA29CB6C-D3C2-3E87-BF08-96F6043F2F9E}.Release|Win32.ActiveCfg = Release|Win32
		{EA29CB6C-D3C2-3E87-BF08-96F6043F2F9E}.Release|Win32.Build.0 = Release|Win32
	EndGlobalSection
	GlobalSection(ExtensibilityGlobals) = postSolution
	EndGlobalSection
	GlobalSection(ExtensibilityAddIns) = postSolution
	EndGlobalSection
EndGlobal