<?xml version="1.0" encoding="utf-8"?>
<Project ToolsVersion="4.0" xmlns="http://schemas.microsoft.com/developer/msbuild/2003">
  <ItemGroup>
    <Filter Include="Form Files">
      <UniqueIdentifier>{99349809-55BA-4b9d-BF79-8FDBB0286EB3}</UniqueIdentifier>
      <Extensions>ui</Extensions>
      <ParseFiles>false</ParseFiles>
    </Filter>
    <Filter Include="Form Files">
      <UniqueIdentifier>{99349809-55BA-4b9d-BF79-8FDBB0286EB3}</UniqueIdentifier>
      <Extensions>ui</Extensions>
      <ParseFiles>false</ParseFiles>
    </Filter>
    <Filter Include="Generated Files">
      <UniqueIdentifier>{71ED8ED8-ACB9-4CE9-BBE1-E00B30144E11}</UniqueIdentifier>
      <Extensions>cpp;c;cxx;moc;h;def;odl;idl;res;</Extensions>
    </Filter>
    <Filter Include="Generated Files">
      <UniqueIdentifier>{71ED8ED8-ACB9-4CE9-BBE1-E00B30144E11}</UniqueIdentifier>
      <Extensions>cpp;c;cxx;moc;h;def;odl;idl;res;</Extensions>
    </Filter>
    <Filter Include="Header Files">
      <UniqueIdentifier>{93995380-89BD-4b04-88EB-625FBE52EBFB}</UniqueIdentifier>
      <Extensions>h;hpp;hxx;hm;inl;inc;xsd</Extensions>
    </Filter>
    <Filter Include="Header Files">
      <UniqueIdentifier>{93995380-89BD-4b04-88EB-625FBE52EBFB}</UniqueIdentifier>
      <Extensions>h;hpp;hxx;hm;inl;inc;xsd</Extensions>
    </Filter>
    <Filter Include="Resource Files">
      <UniqueIdentifier>{D9D6E242-F8AF-46E4-B9FD-80ECBC20BA3E}</UniqueIdentifier>
      <Extensions>qrc;*</Extensions>
      <ParseFiles>false</ParseFiles>
    </Filter>
    <Filter Include="Resource Files">
      <UniqueIdentifier>{D9D6E242-F8AF-46E4-B9FD-80ECBC20BA3E}</UniqueIdentifier>
      <Extensions>qrc;*</Extensions>
      <ParseFiles>false</ParseFiles>
    </Filter>
    <Filter Include="Source Files">
      <UniqueIdentifier>{4FC737F1-C7A5-4376-A066-2A32D752A2FF}</UniqueIdentifier>
      <Extensions>cpp;c;cxx;def;odl;idl;hpj;bat;asm;asmx</Extensions>
    </Filter>
    <Filter Include="Source Files">
      <UniqueIdentifier>{4FC737F1-C7A5-4376-A066-2A32D752A2FF}</UniqueIdentifier>
      <Extensions>cpp;c;cxx;def;odl;idl;hpj;bat;asm;asmx</Extensions>
    </Filter>
    <Filter Include="Translation Files">
      <UniqueIdentifier>{639EADAA-A684-42e4-A9AD-28FC9BCB8F7C}</UniqueIdentifier>
      <Extensions>ts;xlf</Extensions>
      <ParseFiles>false</ParseFiles>
    </Filter>
    <Filter Include="Translation Files">
      <UniqueIdentifier>{639EADAA-A684-42e4-A9AD-28FC9BCB8F7C}</UniqueIdentifier>
      <Extensions>ts;xlf</Extensions>
      <ParseFiles>false</ParseFiles>
    </Filter>
    <Filter Include="Generated Files\Debug">
      <UniqueIdentifier>{bb5b2185-4b6a-484b-8303-46c754b89366}</UniqueIdentifier>
      <Extensions>cpp;moc</Extensions>
      <SourceControlFiles>False</SourceControlFiles>
    </Filter>
    <Filter Include="Generated Files\Release">
      <UniqueIdentifier>{020491ed-c52e-41ca-89e2-d9bef91c5b57}</UniqueIdentifier>
      <Extensions>cpp;moc</Extensions>
      <SourceControlFiles>False</SourceControlFiles>
    </Filter>
  </ItemGroup>
  <ItemGroup>
    <ClCompile Include="arch\i386\ArchProcessor.cpp">
      <Filter>Source Files</Filter>
    </ClCompile>
    <ClCompile Include="BinaryString.cpp">
      <Filter>Source Files</Filter>
    </ClCompile>
    <ClCompile Include="ByteShiftArray.cpp">
      <Filter>Source Files</Filter>
    </ClCompile>
    <ClCompile Include="CommentServer.cpp">
      <Filter>Source Files</Filter>
    </ClCompile>
    <ClCompile Include="Configuration.cpp">
      <Filter>Source Files</Filter>
    </ClCompile>
    <ClCompile Include="DataViewInfo.cpp">
      <Filter>Source Files</Filter>
    </ClCompile>
    <ClCompile Include="os\win32\DebugEvent.cpp">
      <Filter>Source Files</Filter>
    </ClCompile>
    <ClCompile Include="Debugger.cpp">
      <Filter>Source Files</Filter>
    </ClCompile>
    <ClCompile Include="DebuggerMain.cpp">
      <Filter>Source Files</Filter>
    </ClCompile>
    <ClCompile Include="os\win32\DebuggerOS.cpp">
      <Filter>Source Files</Filter>
    </ClCompile>
    <ClCompile Include="DebuggerUI.cpp">
      <Filter>Source Files</Filter>
    </ClCompile>
    <ClCompile Include="DialogArguments.cpp">
      <Filter>Source Files</Filter>
    </ClCompile>
    <ClCompile Include="DialogAttach.cpp">
      <Filter>Source Files</Filter>
    </ClCompile>
    <ClCompile Include="DialogInputBinaryString.cpp">
      <Filter>Source Files</Filter>
    </ClCompile>
    <ClCompile Include="DialogInputValue.cpp">
      <Filter>Source Files</Filter>
    </ClCompile>
    <ClCompile Include="DialogMemoryRegions.cpp">
      <Filter>Source Files</Filter>
    </ClCompile>
    <ClCompile Include="DialogOptions.cpp">
      <Filter>Source Files</Filter>
    </ClCompile>
    <ClCompile Include="DialogPlugins.cpp">
      <Filter>Source Files</Filter>
    </ClCompile>
    <ClCompile Include="DialogThreads.cpp">
      <Filter>Source Files</Filter>
    </ClCompile>
    <ClCompile Include="IBinary.cpp">
      <Filter>Source Files</Filter>
    </ClCompile>
    <ClCompile Include="edisassm\Instruction.cpp">
      <Filter>Source Files</Filter>
    </ClCompile>
    <ClCompile Include="widgets\LineEdit.cpp">
      <Filter>Source Files</Filter>
    </ClCompile>
    <ClCompile Include="MD5.cpp">
      <Filter>Source Files</Filter>
    </ClCompile>
    <ClCompile Include="MemoryRegion.cpp">
      <Filter>Source Files</Filter>
    </ClCompile>
    <ClCompile Include="MemoryRegions.cpp">
      <Filter>Source Files</Filter>
    </ClCompile>
    <ClCompile Include="widgets\QCategoryList.cpp">
      <Filter>Source Files</Filter>
    </ClCompile>
    <ClCompile Include="widgets\QDisassemblyView.cpp">
      <Filter>Source Files</Filter>
    </ClCompile>
    <ClCompile Include="QLongValidator.cpp">
      <Filter>Source Files</Filter>
    </ClCompile>
    <ClCompile Include="QULongValidator.cpp">
      <Filter>Source Files</Filter>
    </ClCompile>
    <ClCompile Include="RecentFileManager.cpp">
      <Filter>Source Files</Filter>
    </ClCompile>
    <ClCompile Include="RegionBuffer.cpp">
      <Filter>Source Files</Filter>
    </ClCompile>
    <ClCompile Include="Register.cpp">
      <Filter>Source Files</Filter>
    </ClCompile>
    <ClCompile Include="widgets\RegisterViewDelegate.cpp">
      <Filter>Source Files</Filter>
    </ClCompile>
    <ClCompile Include="State.cpp">
      <Filter>Source Files</Filter>
    </ClCompile>
    <ClCompile Include="SymbolManager.cpp">
      <Filter>Source Files</Filter>
    </ClCompile>
    <ClCompile Include="widgets\SyntaxHighlighter.cpp">
      <Filter>Source Files</Filter>
    </ClCompile>
    <ClCompile Include="widgets\TabWidget.cpp">
      <Filter>Source Files</Filter>
    </ClCompile>
    <ClCompile Include="qjson\json_parser.cc">
      <Filter>Source Files</Filter>
    </ClCompile>
    <ClCompile Include="qjson\json_scanner.cpp">
      <Filter>Source Files</Filter>
    </ClCompile>
    <ClCompile Include="main.cpp">
      <Filter>Source Files</Filter>
    </ClCompile>
    <ClCompile Include="qjson\parser.cpp">
      <Filter>Source Files</Filter>
    </ClCompile>
    <ClCompile Include="qjson\parserrunnable.cpp">
      <Filter>Source Files</Filter>
    </ClCompile>
    <ClCompile Include="qhexview\qhexview.cpp">
      <Filter>Source Files</Filter>
    </ClCompile>
    <ClCompile Include="qjson\qobjecthelper.cpp">
      <Filter>Source Files</Filter>
    </ClCompile>
    <ClCompile Include="qjson\serializer.cpp">
      <Filter>Source Files</Filter>
    </ClCompile>
    <ClCompile Include="qjson\serializerrunnable.cpp">
      <Filter>Source Files</Filter>
    </ClCompile>
    <ClCompile Include="symbols.cpp">
      <Filter>Source Files</Filter>
    </ClCompile>
    <ClCompile Include="Debug\moc_BinaryString.cpp">
      <Filter>Generated Files\Debug</Filter>
    </ClCompile>
    <ClCompile Include="Release\moc_BinaryString.cpp">
      <Filter>Generated Files\Release</Filter>
    </ClCompile>
    <ClCompile Include="Debug\moc_DebuggerMain.cpp">
      <Filter>Generated Files\Debug</Filter>
    </ClCompile>
    <ClCompile Include="Release\moc_DebuggerMain.cpp">
      <Filter>Generated Files\Release</Filter>
    </ClCompile>
    <ClCompile Include="Debug\moc_DebuggerUI.cpp">
      <Filter>Generated Files\Debug</Filter>
    </ClCompile>
    <ClCompile Include="Release\moc_DebuggerUI.cpp">
      <Filter>Generated Files\Release</Filter>
    </ClCompile>
    <ClCompile Include="Debug\moc_DialogArguments.cpp">
      <Filter>Generated Files\Debug</Filter>
    </ClCompile>
    <ClCompile Include="Release\moc_DialogArguments.cpp">
      <Filter>Generated Files\Release</Filter>
    </ClCompile>
    <ClCompile Include="Debug\moc_DialogAttach.cpp">
      <Filter>Generated Files\Debug</Filter>
    </ClCompile>
    <ClCompile Include="Release\moc_DialogAttach.cpp">
      <Filter>Generated Files\Release</Filter>
    </ClCompile>
    <ClCompile Include="Debug\moc_DialogInputBinaryString.cpp">
      <Filter>Generated Files\Debug</Filter>
    </ClCompile>
    <ClCompile Include="Release\moc_DialogInputBinaryString.cpp">
      <Filter>Generated Files\Release</Filter>
    </ClCompile>
    <ClCompile Include="Debug\moc_DialogInputValue.cpp">
      <Filter>Generated Files\Debug</Filter>
    </ClCompile>
    <ClCompile Include="Release\moc_DialogInputValue.cpp">
      <Filter>Generated Files\Release</Filter>
    </ClCompile>
    <ClCompile Include="Debug\moc_DialogMemoryRegions.cpp">
      <Filter>Generated Files\Debug</Filter>
    </ClCompile>
    <ClCompile Include="Release\moc_DialogMemoryRegions.cpp">
      <Filter>Generated Files\Release</Filter>
    </ClCompile>
    <ClCompile Include="Debug\moc_DialogOptions.cpp">
      <Filter>Generated Files\Debug</Filter>
    </ClCompile>
    <ClCompile Include="Release\moc_DialogOptions.cpp">
      <Filter>Generated Files\Release</Filter>
    </ClCompile>
    <ClCompile Include="Debug\moc_DialogPlugins.cpp">
      <Filter>Generated Files\Debug</Filter>
    </ClCompile>
    <ClCompile Include="Release\moc_DialogPlugins.cpp">
      <Filter>Generated Files\Release</Filter>
    </ClCompile>
    <ClCompile Include="Debug\moc_DialogThreads.cpp">
      <Filter>Generated Files\Debug</Filter>
    </ClCompile>
    <ClCompile Include="Release\moc_DialogThreads.cpp">
      <Filter>Generated Files\Release</Filter>
    </ClCompile>
    <ClCompile Include="Debug\moc_LineEdit.cpp">
      <Filter>Generated Files\Debug</Filter>
    </ClCompile>
    <ClCompile Include="Release\moc_LineEdit.cpp">
      <Filter>Generated Files\Release</Filter>
    </ClCompile>
    <ClCompile Include="Debug\moc_MemoryRegions.cpp">
      <Filter>Generated Files\Debug</Filter>
    </ClCompile>
    <ClCompile Include="Release\moc_MemoryRegions.cpp">
      <Filter>Generated Files\Release</Filter>
    </ClCompile>
    <ClCompile Include="Debug\moc_QCategoryList.cpp">
      <Filter>Generated Files\Debug</Filter>
    </ClCompile>
    <ClCompile Include="Release\moc_QCategoryList.cpp">
      <Filter>Generated Files\Release</Filter>
    </ClCompile>
    <ClCompile Include="Debug\moc_QDisassemblyView.cpp">
      <Filter>Generated Files\Debug</Filter>
    </ClCompile>
    <ClCompile Include="Release\moc_QDisassemblyView.cpp">
      <Filter>Generated Files\Release</Filter>
    </ClCompile>
    <ClCompile Include="Debug\moc_RecentFileManager.cpp">
      <Filter>Generated Files\Debug</Filter>
    </ClCompile>
    <ClCompile Include="Release\moc_RecentFileManager.cpp">
      <Filter>Generated Files\Release</Filter>
    </ClCompile>
    <ClCompile Include="Debug\moc_RegionBuffer.cpp">
      <Filter>Generated Files\Debug</Filter>
    </ClCompile>
    <ClCompile Include="Release\moc_RegionBuffer.cpp">
      <Filter>Generated Files\Release</Filter>
    </ClCompile>
    <ClCompile Include="Debug\moc_SyntaxHighlighter.cpp">
      <Filter>Generated Files\Debug</Filter>
    </ClCompile>
    <ClCompile Include="Release\moc_SyntaxHighlighter.cpp">
      <Filter>Generated Files\Release</Filter>
    </ClCompile>
    <ClCompile Include="Debug\moc_TabWidget.cpp">
      <Filter>Generated Files\Debug</Filter>
    </ClCompile>
    <ClCompile Include="Release\moc_TabWidget.cpp">
      <Filter>Generated Files\Release</Filter>
    </ClCompile>
    <ClCompile Include="Debug\moc_parserrunnable.cpp">
      <Filter>Generated Files\Debug</Filter>
    </ClCompile>
    <ClCompile Include="Release\moc_parserrunnable.cpp">
      <Filter>Generated Files\Release</Filter>
    </ClCompile>
    <ClCompile Include="Debug\moc_qhexview.cpp">
      <Filter>Generated Files\Debug</Filter>
    </ClCompile>
    <ClCompile Include="Release\moc_qhexview.cpp">
      <Filter>Generated Files\Release</Filter>
    </ClCompile>
    <ClCompile Include="Debug\moc_serializerrunnable.cpp">
      <Filter>Generated Files\Debug</Filter>
    </ClCompile>
    <ClCompile Include="Release\moc_serializerrunnable.cpp">
      <Filter>Generated Files\Release</Filter>
    </ClCompile>
    <ClCompile Include="GeneratedFiles\qrc_debugger.cpp">
      <Filter>Generated Files</Filter>
    </ClCompile>
  </ItemGroup>
  <ItemGroup>
    <ClInclude Include="..\include\API.h">
      <Filter>Header Files</Filter>
    </ClInclude>
    <ClInclude Include="arch\i386\ArchProcessor.h">
      <Filter>Header Files</Filter>
    </ClInclude>
    <ClInclude Include="..\include\arch\i386\ArchTypes.h">
      <Filter>Header Files</Filter>
    </ClInclude>
    <CustomBuild Include="..\include\BinaryString.h">
      <Filter>Header Files</Filter>
    </CustomBuild>
    <ClInclude Include="..\include\ByteShiftArray.h">
      <Filter>Header Files</Filter>
    </ClInclude>
    <ClInclude Include="CommentServer.h">
      <Filter>Header Files</Filter>
    </ClInclude>
    <ClInclude Include="..\include\Configuration.h">
      <Filter>Header Files</Filter>
    </ClInclude>
    <ClInclude Include="DataViewInfo.h">
      <Filter>Header Files</Filter>
    </ClInclude>
    <ClInclude Include="..\include\os\win32\DebugEvent.h">
      <Filter>Header Files</Filter>
    </ClInclude>
    <ClInclude Include="..\include\Debugger.h">
      <Filter>Header Files</Filter>
    </ClInclude>
    <CustomBuild Include="DebuggerMain.h">
      <Filter>Header Files</Filter>
    </CustomBuild>
    <ClInclude Include="DebuggerOps.h">
      <Filter>Header Files</Filter>
    </ClInclude>
    <CustomBuild Include="DebuggerUI.h">
      <Filter>Header Files</Filter>
    </CustomBuild>
    <CustomBuild Include="DialogArguments.h">
      <Filter>Header Files</Filter>
    </CustomBuild>
    <CustomBuild Include="DialogAttach.h">
      <Filter>Header Files</Filter>
    </CustomBuild>
    <CustomBuild Include="DialogInputBinaryString.h">
      <Filter>Header Files</Filter>
    </CustomBuild>
    <CustomBuild Include="DialogInputValue.h">
      <Filter>Header Files</Filter>
    </CustomBuild>
    <CustomBuild Include="DialogMemoryRegions.h">
      <Filter>Header Files</Filter>
    </CustomBuild>
    <CustomBuild Include="DialogOptions.h">
      <Filter>Header Files</Filter>
    </CustomBuild>
    <CustomBuild Include="DialogPlugins.h">
      <Filter>Header Files</Filter>
    </CustomBuild>
    <CustomBuild Include="DialogThreads.h">
      <Filter>Header Files</Filter>
    </CustomBuild>
    <ClInclude Include="..\include\Expression.h">
      <Filter>Header Files</Filter>
    </ClInclude>
    <ClInclude Include="..\include\FunctionInfo.h">
      <Filter>Header Files</Filter>
    </ClInclude>
    <ClInclude Include="..\include\IAnalyzer.h">
      <Filter>Header Files</Filter>
    </ClInclude>
    <ClInclude Include="..\include\IArchProcessor.h">
      <Filter>Header Files</Filter>
    </ClInclude>
    <ClInclude Include="..\include\IBinary.h">
      <Filter>Header Files</Filter>
    </ClInclude>
    <ClInclude Include="..\include\IBreakpoint.h">
      <Filter>Header Files</Filter>
    </ClInclude>
    <ClInclude Include="..\include\IDebugEventHandler.h">
      <Filter>Header Files</Filter>
    </ClInclude>
    <ClInclude Include="..\include\IDebuggerCore.h">
      <Filter>Header Files</Filter>
    </ClInclude>
    <ClInclude Include="..\include\IPlugin.h">
      <Filter>Header Files</Filter>
    </ClInclude>
    <ClInclude Include="..\include\IRegion.h">
      <Filter>Header Files</Filter>
    </ClInclude>
    <ClInclude Include="..\include\ISessionFile.h">
      <Filter>Header Files</Filter>
    </ClInclude>
    <ClInclude Include="..\include\IState.h">
      <Filter>Header Files</Filter>
    </ClInclude>
    <CustomBuild Include="widgets\LineEdit.h">
      <Filter>Header Files</Filter>
    </CustomBuild>
    <ClInclude Include="MD5.h">
      <Filter>Header Files</Filter>
    </ClInclude>
    <ClInclude Include="..\include\MemoryRegion.h">
      <Filter>Header Files</Filter>
    </ClInclude>
    <CustomBuild Include="..\include\MemoryRegions.h">
      <Filter>Header Files</Filter>
    </CustomBuild>
    <ClInclude Include="..\include\os\win32\OSTypes.h">
      <Filter>Header Files</Filter>
    </ClInclude>
    <CustomBuild Include="widgets\QCategoryList.h">
      <Filter>Header Files</Filter>
    </CustomBuild>
    <CustomBuild Include="widgets\QDisassemblyView.h">
      <Filter>Header Files</Filter>
    </CustomBuild>
    <ClInclude Include="QHexView">
      <Filter>Header Files</Filter>
    </ClInclude>
    <ClInclude Include="QLongValidator.h">
      <Filter>Header Files</Filter>
    </ClInclude>
    <ClInclude Include="QULongValidator.h">
      <Filter>Header Files</Filter>
    </ClInclude>
    <CustomBuild Include="RecentFileManager.h">
      <Filter>Header Files</Filter>
    </CustomBuild>
    <CustomBuild Include="RegionBuffer.h">
      <Filter>Header Files</Filter>
    </CustomBuild>
    <ClInclude Include="..\include\Register.h">
      <Filter>Header Files</Filter>
    </ClInclude>
    <ClInclude Include="widgets\RegisterViewDelegate.h">
      <Filter>Header Files</Filter>
    </ClInclude>
    <ClInclude Include="..\include\ScopedPointer.h">
      <Filter>Header Files</Filter>
    </ClInclude>
    <ClInclude Include="..\include\State.h">
      <Filter>Header Files</Filter>
    </ClInclude>
    <ClInclude Include="SymbolManager.h">
      <Filter>Header Files</Filter>
    </ClInclude>
    <CustomBuild Include="widgets\SyntaxHighlighter.h">
      <Filter>Header Files</Filter>
    </CustomBuild>
    <CustomBuild Include="widgets\TabWidget.h">
      <Filter>Header Files</Filter>
    </CustomBuild>
    <ClInclude Include="..\include\Types.h">
      <Filter>Header Files</Filter>
    </ClInclude>
    <ClInclude Include="..\include\Util.h">
      <Filter>Header Files</Filter>
    </ClInclude>
    <ClInclude Include="qjson\json_parser.hh">
      <Filter>Header Files</Filter>
    </ClInclude>
    <ClInclude Include="qjson\json_scanner.h">
      <Filter>Header Files</Filter>
    </ClInclude>
    <ClInclude Include="qjson\location.hh">
      <Filter>Header Files</Filter>
    </ClInclude>
    <ClInclude Include="qjson\parser.h">
      <Filter>Header Files</Filter>
    </ClInclude>
    <ClInclude Include="qjson\parser_p.h">
      <Filter>Header Files</Filter>
    </ClInclude>
    <CustomBuild Include="qjson\parserrunnable.h">
      <Filter>Header Files</Filter>
    </CustomBuild>
    <ClInclude Include="qjson\position.hh">
      <Filter>Header Files</Filter>
    </ClInclude>
    <CustomBuild Include="qhexview\qhexview.h">
      <Filter>Header Files</Filter>
    </CustomBuild>
    <ClInclude Include="qjson\qjson_debug.h">
      <Filter>Header Files</Filter>
    </ClInclude>
    <ClInclude Include="qjson\qjson_export.h">
      <Filter>Header Files</Filter>
    </ClInclude>
    <ClInclude Include="qjson\qobjecthelper.h">
      <Filter>Header Files</Filter>
    </ClInclude>
    <ClInclude Include="qjson\serializer.h">
      <Filter>Header Files</Filter>
    </ClInclude>
    <CustomBuild Include="qjson\serializerrunnable.h">
      <Filter>Header Files</Filter>
    </CustomBuild>
    <ClInclude Include="qjson\stack.hh">
      <Filter>Header Files</Filter>
    </ClInclude>
    <ClInclude Include="symbols.h">
      <Filter>Header Files</Filter>
    </ClInclude>
    <ClInclude Include="..\include\version.h">
      <Filter>Header Files</Filter>
    </ClInclude>
    <ClInclude Include="GeneratedFiles\ui_binarystring.h">
      <Filter>Generated Files</Filter>
    </ClInclude>
    <ClInclude Include="GeneratedFiles\ui_debuggerui.h">
      <Filter>Generated Files</Filter>
    </ClInclude>
    <ClInclude Include="GeneratedFiles\ui_dialog_arguments.h">
      <Filter>Generated Files</Filter>
    </ClInclude>
    <ClInclude Include="GeneratedFiles\ui_dialog_attach.h">
      <Filter>Generated Files</Filter>
    </ClInclude>
    <ClInclude Include="GeneratedFiles\ui_dialog_inputbinarystring.h">
      <Filter>Generated Files</Filter>
    </ClInclude>
    <ClInclude Include="GeneratedFiles\ui_dialog_inputvalue.h">
      <Filter>Generated Files</Filter>
    </ClInclude>
    <ClInclude Include="GeneratedFiles\ui_dialog_memoryregions.h">
      <Filter>Generated Files</Filter>
    </ClInclude>
    <ClInclude Include="GeneratedFiles\ui_dialog_options.h">
      <Filter>Generated Files</Filter>
    </ClInclude>
    <ClInclude Include="GeneratedFiles\ui_dialog_plugins.h">
      <Filter>Generated Files</Filter>
    </ClInclude>
    <ClInclude Include="GeneratedFiles\ui_dialog_threads.h">
      <Filter>Generated Files</Filter>
    </ClInclude>
  </ItemGroup>
  <ItemGroup>
    <None Include="lang\edb_en.ts">
      <Filter>Translation Files</Filter>
    </None>
  </ItemGroup>
  <ItemGroup>
    <CustomBuild Include="binarystring.ui">
      <Filter>Form Files</Filter>
    </CustomBuild>
    <CustomBuild Include="debuggerui.ui">
      <Filter>Form Files</Filter>
    </CustomBuild>
    <CustomBuild Include="dialog_arguments.ui">
      <Filter>Form Files</Filter>
    </CustomBuild>
    <CustomBuild Include="dialog_attach.ui">
      <Filter>Form Files</Filter>
    </CustomBuild>
    <CustomBuild Include="dialog_inputbinarystring.ui">
      <Filter>Form Files</Filter>
    </CustomBuild>
    <CustomBuild Include="dialog_inputvalue.ui">
      <Filter>Form Files</Filter>
    </CustomBuild>
    <CustomBuild Include="dialog_memoryregions.ui">
      <Filter>Form Files</Filter>
    </CustomBuild>
    <CustomBuild Include="dialog_options.ui">
      <Filter>Form Files</Filter>
    </CustomBuild>
    <CustomBuild Include="dialog_plugins.ui">
      <Filter>Form Files</Filter>
    </CustomBuild>
    <CustomBuild Include="dialog_threads.ui">
      <Filter>Form Files</Filter>
    </CustomBuild>
  </ItemGroup>
  <ItemGroup>
    <CustomBuild Include="debugger.qrc">
      <Filter>Resource Files</Filter>
    </CustomBuild>
    <None Include="images\edb100-logo.png">
      <Filter>Resource Files</Filter>
    </None>
    <None Include="images\edb14-arrow.png">
      <Filter>Resource Files</Filter>
    </None>
    <None Include="images\edb14-breakpoint.png">
      <Filter>Resource Files</Filter>
    </None>
    <None Include="images\edb16-action-add.png">
      <Filter>Resource Files</Filter>
    </None>
    <None Include="images\edb16-action-arrow-down.png">
      <Filter>Resource Files</Filter>
    </None>
    <None Include="images\edb16-action-arrow-up.png">
      <Filter>Resource Files</Filter>
    </None>
    <None Include="images\edb16-action-remove.png">
      <Filter>Resource Files</Filter>
    </None>
    <None Include="images\edb16-addtab.png">
      <Filter>Resource Files</Filter>
    </None>
    <None Include="images\edb16-deltab.png">
      <Filter>Resource Files</Filter>
    </None>
    <None Include="images\edb16-edit-clean.png">
      <Filter>Resource Files</Filter>
    </None>
    <None Include="images\edb22-action-break.png">
      <Filter>Resource Files</Filter>
    </None>
    <None Include="images\edb22-action-open.png">
      <Filter>Resource Files</Filter>
    </None>
    <None Include="images\edb22-action-run.png">
      <Filter>Resource Files</Filter>
    </None>
    <None Include="images\edb22-action-step.png">
      <Filter>Resource Files</Filter>
    </None>
    <None Include="images\edb22-action-stepi.png">
      <Filter>Resource Files</Filter>
    </None>
    <None Include="images\edb22-action-stepout.png">
      <Filter>Resource Files</Filter>
    </None>
    <None Include="images\edb22-action-stepover.png">
      <Filter>Resource Files</Filter>
    </None>
    <None Include="images\edb22-action-stepoveri.png">
      <Filter>Resource Files</Filter>
    </None>
    <None Include="images\edb32-preferences-plugin.png">
      <Filter>Resource Files</Filter>
    </None>
    <None Include="images\edb48-logo.png">
      <Filter>Resource Files</Filter>
    </None>
    <None Include="xml\functions.xml">
      <Filter>Resource Files</Filter>
    </None>
  </ItemGroup>
  <ItemGroup>
    <ResourceCompile Include="edb.rc" />
  </ItemGroup>
</Project>